PODS:
  - MVVMKit (2.2.0)
  - SwiftLint (0.31.0)

DEPENDENCIES:
  - MVVMKit (from `../`)
  - SwiftLint

SPEC REPOS:
  https://github.com/CocoaPods/Specs.git:
    - SwiftLint

EXTERNAL SOURCES:
  MVVMKit:
    :path: "../"

SPEC CHECKSUMS:
  MVVMKit: bea29933e9cb0abd7460a7228ab75e201912ca76
  SwiftLint: 7a0227733d786395817373b2d0ca799fd0093ff3

PODFILE CHECKSUM: 4a1f650f1d64873fa162fbf1caab549287bb6679

COCOAPODS: 1.8.4
