PODS:
  - MVVMKit (0.2.7)
  - SwiftLint (0.31.0)

DEPENDENCIES:
  - MVVMKit (from `../`)
  - SwiftLint

SPEC REPOS:
  https://github.com/cocoapods/specs.git:
    - SwiftLint

EXTERNAL SOURCES:
  MVVMKit:
    :path: "../"

SPEC CHECKSUMS:
  MVVMKit: fd29a51707fbcfa2839e766b570dd722fd265a8b
  SwiftLint: 7a0227733d786395817373b2d0ca799fd0093ff3

PODFILE CHECKSUM: c08b68da4bb1b5dfcfdba0a2e18b619740bd43ee

COCOAPODS: 1.6.1
